
Microsoft Visual Studio Solution File, Format Version 12.00
# Visual Studio 15
VisualStudioVersion = 15.0.27004.2008
MinimumVisualStudioVersion = 10.0.40219.1
Project("{FAE04EC0-301F-11D3-BF4B-00C04F79EFBC}") = "Vidly", "Vidly\Vidly.csproj", "{DDCC3A0E-31AF-4733-8153-0A480D030321}"
EndProject
Global
	GlobalSection(SolutionConfigurationPlatforms) = preSolution
		Debug|Any CPU = Debug|Any CPU
		Release|Any CPU = Release|Any CPU
	EndGlobalSection
	GlobalSection(ProjectConfigurationPlatforms) = postSolution
		{DDCC3A0E-31AF-4733-8153-0A480D030321}.Debug|Any CPU.ActiveCfg = Debug|Any CPU
		{DDCC3A0E-31AF-4733-8153-0A480D030321}.Debug|Any CPU.Build.0 = Debug|Any CPU
		{DDCC3A0E-31AF-4733-8153-0A480D030321}.Release|Any CPU.ActiveCfg = Release|Any CPU
		{DDCC3A0E-31AF-4733-8153-0A480D030321}.Release|Any CPU.Build.0 = Release|Any CPU
	EndGlobalSection
	GlobalSection(SolutionProperties) = preSolution
		HideSolutionNode = FALSE
	EndGlobalSection
	GlobalSection(ExtensibilityGlobals) = postSolution
		SolutionGuid = {D5E4334E-238A-4301-86B3-41D6F86D7B25}
	EndGlobalSection
EndGlobal
